
Microsoft Visual Studio Solution File, Format Version 12.00
# Visual Studio 15
VisualStudioVersion = 15.0.27428.2043
MinimumVisualStudioVersion = 10.0.40219.1
Project("{FAE04EC0-301F-11D3-BF4B-00C04F79EFBC}") = "Practica", "Practica\Practica.csproj", "{374ADF24-9DB0-4E16-B6A4-F389A0E5B0D3}"
EndProject
Project("{FAE04EC0-301F-11D3-BF4B-00C04F79EFBC}") = "WcfPractica", "WcfPractica\WcfPractica.csproj", "{27E29FF9-4775-440C-9AE7-A5D6D7BDEF57}"
EndProject
Global
	GlobalSection(SolutionConfigurationPlatforms) = preSolution
		Debug|Any CPU = Debug|Any CPU
		Release|Any CPU = Release|Any CPU
	EndGlobalSection
	GlobalSection(ProjectConfigurationPlatforms) = postSolution
		{374ADF24-9DB0-4E16-B6A4-F389A0E5B0D3}.Debug|Any CPU.ActiveCfg = Debug|Any CPU
		{374ADF24-9DB0-4E16-B6A4-F389A0E5B0D3}.Debug|Any CPU.Build.0 = Debug|Any CPU
		{374ADF24-9DB0-4E16-B6A4-F389A0E5B0D3}.Release|Any CPU.ActiveCfg = Release|Any CPU
		{374ADF24-9DB0-4E16-B6A4-F389A0E5B0D3}.Release|Any CPU.Build.0 = Release|Any CPU
		{27E29FF9-4775-440C-9AE7-A5D6D7BDEF57}.Debug|Any CPU.ActiveCfg = Debug|Any CPU
		{27E29FF9-4775-440C-9AE7-A5D6D7BDEF57}.Debug|Any CPU.Build.0 = Debug|Any CPU
		{27E29FF9-4775-440C-9AE7-A5D6D7BDEF57}.Release|Any CPU.ActiveCfg = Release|Any CPU
		{27E29FF9-4775-440C-9AE7-A5D6D7BDEF57}.Release|Any CPU.Build.0 = Release|Any CPU
	EndGlobalSection
	GlobalSection(SolutionProperties) = preSolution
		HideSolutionNode = FALSE
	EndGlobalSection
	GlobalSection(ExtensibilityGlobals) = postSolution
		SolutionGuid = {C2E584D2-9B99-42E9-8D0A-33CF88228C6A}
	EndGlobalSection
EndGlobal
